
Microsoft Visual Studio Solution File, Format Version 12.00
# Visual Studio 14
VisualStudioVersion = 14.0.22508.0
MinimumVisualStudioVersion = 10.0.40219.1
Project("{2150E333-8FDC-42A3-9474-1A3956D46DE8}") = "src", "src", "{CE128646-AF7A-4881-A481-87077991FAAB}"
EndProject
Project("{8BB2217D-0F2D-49D1-97BC-3654ED321F3B}") = "NuGet3", "src\NuGet3\NuGet3.kproj", "{B6A414AF-71D8-48CF-B319-28ED50C9D81E}"
EndProject
Project("{2150E333-8FDC-42A3-9474-1A3956D46DE8}") = "Solution Items", "Solution Items", "{26A3A99C-7DD4-45F7-BCF8-49E5E055C22A}"
	ProjectSection(SolutionItems) = preProject
		global.json = global.json
	EndProjectSection
EndProject
Project("{8BB2217D-0F2D-49D1-97BC-3654ED321F3B}") = "DotNet.Project.Core", "src\DotNet.Project.Core\DotNet.Project.Core.kproj", "{5A2568E2-E7E8-4C77-B727-99A29E4A5E07}"
EndProject
Project("{8BB2217D-0F2D-49D1-97BC-3654ED321F3B}") = "NuGet.Versioning.Extensions", "src\NuGet.Versioning.Extensions\NuGet.Versioning.Extensions.kproj", "{6562C80C-E190-4B5F-AF9D-23EEF1085328}"
EndProject
Project("{8BB2217D-0F2D-49D1-97BC-3654ED321F3B}") = "NuGet.Packaging.Extensions", "src\NuGet.Packaging.Extensions\NuGet.Packaging.Extensions.kproj", "{24DE9E2C-4ADC-48E6-ADF0-1E2B00596ECD}"
EndProject
Project("{8BB2217D-0F2D-49D1-97BC-3654ED321F3B}") = "NuGet.Client", "src\NuGet.Client\NuGet.Client.kproj", "{BA3543A8-874C-4F42-8757-C7EF7D17C8EE}"
EndProject
Project("{8BB2217D-0F2D-49D1-97BC-3654ED321F3B}") = "NuGet.Common", "src\NuGet.Common\NuGet.Common.kproj", "{98BEE375-A5A0-4FC2-9B7A-25DB41C8045D}"
EndProject
Project("{8BB2217D-0F2D-49D1-97BC-3654ED321F3B}") = "NuGet.Resolver", "src\NuGet.Resolver\NuGet.Resolver.kproj", "{D08F3B26-98F0-4379-9EF6-2ADA312249DA}"
EndProject
Global
	GlobalSection(SolutionConfigurationPlatforms) = preSolution
		Debug|Any CPU = Debug|Any CPU
		Release|Any CPU = Release|Any CPU
	EndGlobalSection
	GlobalSection(ProjectConfigurationPlatforms) = postSolution
		{B6A414AF-71D8-48CF-B319-28ED50C9D81E}.Debug|Any CPU.ActiveCfg = Debug|Any CPU
		{B6A414AF-71D8-48CF-B319-28ED50C9D81E}.Debug|Any CPU.Build.0 = Debug|Any CPU
		{B6A414AF-71D8-48CF-B319-28ED50C9D81E}.Release|Any CPU.ActiveCfg = Release|Any CPU
		{B6A414AF-71D8-48CF-B319-28ED50C9D81E}.Release|Any CPU.Build.0 = Release|Any CPU
		{5A2568E2-E7E8-4C77-B727-99A29E4A5E07}.Debug|Any CPU.ActiveCfg = Debug|Any CPU
		{5A2568E2-E7E8-4C77-B727-99A29E4A5E07}.Debug|Any CPU.Build.0 = Debug|Any CPU
		{5A2568E2-E7E8-4C77-B727-99A29E4A5E07}.Release|Any CPU.ActiveCfg = Release|Any CPU
		{5A2568E2-E7E8-4C77-B727-99A29E4A5E07}.Release|Any CPU.Build.0 = Release|Any CPU
		{6562C80C-E190-4B5F-AF9D-23EEF1085328}.Debug|Any CPU.ActiveCfg = Debug|Any CPU
		{6562C80C-E190-4B5F-AF9D-23EEF1085328}.Debug|Any CPU.Build.0 = Debug|Any CPU
		{6562C80C-E190-4B5F-AF9D-23EEF1085328}.Release|Any CPU.ActiveCfg = Release|Any CPU
		{6562C80C-E190-4B5F-AF9D-23EEF1085328}.Release|Any CPU.Build.0 = Release|Any CPU
		{24DE9E2C-4ADC-48E6-ADF0-1E2B00596ECD}.Debug|Any CPU.ActiveCfg = Debug|Any CPU
		{24DE9E2C-4ADC-48E6-ADF0-1E2B00596ECD}.Debug|Any CPU.Build.0 = Debug|Any CPU
		{24DE9E2C-4ADC-48E6-ADF0-1E2B00596ECD}.Release|Any CPU.ActiveCfg = Release|Any CPU
		{24DE9E2C-4ADC-48E6-ADF0-1E2B00596ECD}.Release|Any CPU.Build.0 = Release|Any CPU
		{BA3543A8-874C-4F42-8757-C7EF7D17C8EE}.Debug|Any CPU.ActiveCfg = Debug|Any CPU
		{BA3543A8-874C-4F42-8757-C7EF7D17C8EE}.Debug|Any CPU.Build.0 = Debug|Any CPU
		{BA3543A8-874C-4F42-8757-C7EF7D17C8EE}.Release|Any CPU.ActiveCfg = Release|Any CPU
		{BA3543A8-874C-4F42-8757-C7EF7D17C8EE}.Release|Any CPU.Build.0 = Release|Any CPU
		{98BEE375-A5A0-4FC2-9B7A-25DB41C8045D}.Debug|Any CPU.ActiveCfg = Debug|Any CPU
		{98BEE375-A5A0-4FC2-9B7A-25DB41C8045D}.Debug|Any CPU.Build.0 = Debug|Any CPU
		{98BEE375-A5A0-4FC2-9B7A-25DB41C8045D}.Release|Any CPU.ActiveCfg = Release|Any CPU
		{98BEE375-A5A0-4FC2-9B7A-25DB41C8045D}.Release|Any CPU.Build.0 = Release|Any CPU
		{D08F3B26-98F0-4379-9EF6-2ADA312249DA}.Debug|Any CPU.ActiveCfg = Debug|Any CPU
		{D08F3B26-98F0-4379-9EF6-2ADA312249DA}.Debug|Any CPU.Build.0 = Debug|Any CPU
		{D08F3B26-98F0-4379-9EF6-2ADA312249DA}.Release|Any CPU.ActiveCfg = Release|Any CPU
		{D08F3B26-98F0-4379-9EF6-2ADA312249DA}.Release|Any CPU.Build.0 = Release|Any CPU
	EndGlobalSection
	GlobalSection(SolutionProperties) = preSolution
		HideSolutionNode = FALSE
	EndGlobalSection
	GlobalSection(NestedProjects) = preSolution
		{B6A414AF-71D8-48CF-B319-28ED50C9D81E} = {CE128646-AF7A-4881-A481-87077991FAAB}
		{5A2568E2-E7E8-4C77-B727-99A29E4A5E07} = {CE128646-AF7A-4881-A481-87077991FAAB}
		{6562C80C-E190-4B5F-AF9D-23EEF1085328} = {CE128646-AF7A-4881-A481-87077991FAAB}
		{24DE9E2C-4ADC-48E6-ADF0-1E2B00596ECD} = {CE128646-AF7A-4881-A481-87077991FAAB}
		{BA3543A8-874C-4F42-8757-C7EF7D17C8EE} = {CE128646-AF7A-4881-A481-87077991FAAB}
		{98BEE375-A5A0-4FC2-9B7A-25DB41C8045D} = {CE128646-AF7A-4881-A481-87077991FAAB}
		{D08F3B26-98F0-4379-9EF6-2ADA312249DA} = {CE128646-AF7A-4881-A481-87077991FAAB}
	EndGlobalSection
EndGlobal
