
Microsoft Visual Studio Solution File, Format Version 12.00
# Visual Studio 14
VisualStudioVersion = 14.0.22508.0
MinimumVisualStudioVersion = 10.0.40219.1
Project("{2150E333-8FDC-42A3-9474-1A3956D46DE8}") = "src", "src", "{CE128646-AF7A-4881-A481-87077991FAAB}"
EndProject
Project("{8BB2217D-0F2D-49D1-97BC-3654ED321F3B}") = "NuGet3", "src\NuGet3\NuGet3.kproj", "{B6A414AF-71D8-48CF-B319-28ED50C9D81E}"
EndProject
Project("{2150E333-8FDC-42A3-9474-1A3956D46DE8}") = "Solution Items", "Solution Items", "{26A3A99C-7DD4-45F7-BCF8-49E5E055C22A}"
	ProjectSection(SolutionItems) = preProject
		global.json = global.json
	EndProjectSection
EndProject
Project("{8BB2217D-0F2D-49D1-97BC-3654ED321F3B}") = "NuGet.Versioning.Extensions", "src\NuGet.Versioning.Extensions\NuGet.Versioning.Extensions.kproj", "{6562C80C-E190-4B5F-AF9D-23EEF1085328}"
EndProject
Project("{8BB2217D-0F2D-49D1-97BC-3654ED321F3B}") = "NuGet.Packaging.Extensions", "src\NuGet.Packaging.Extensions\NuGet.Packaging.Extensions.kproj", "{24DE9E2C-4ADC-48E6-ADF0-1E2B00596ECD}"
EndProject
Project("{8BB2217D-0F2D-49D1-97BC-3654ED321F3B}") = "NuGet.Client", "src\NuGet.Client\NuGet.Client.kproj", "{BA3543A8-874C-4F42-8757-C7EF7D17C8EE}"
EndProject
Project("{8BB2217D-0F2D-49D1-97BC-3654ED321F3B}") = "NuGet.Common", "src\NuGet.Common\NuGet.Common.kproj", "{98BEE375-A5A0-4FC2-9B7A-25DB41C8045D}"
EndProject
Project("{8BB2217D-0F2D-49D1-97BC-3654ED321F3B}") = "NuGet.DependencyResolver", "src\NuGet.DependencyResolver\NuGet.DependencyResolver.kproj", "{BFB15683-853F-402A-890D-55ABE7DC0D53}"
EndProject
Project("{8BB2217D-0F2D-49D1-97BC-3654ED321F3B}") = "NuGet.MSBuild", "src\NuGet.MSBuild\NuGet.MSBuild.kproj", "{85872630-B8AD-43A3-BD85-9FAD0FFC3B56}"
EndProject
Project("{8BB2217D-0F2D-49D1-97BC-3654ED321F3B}") = "NuGet.ContentModel", "src\NuGet.ContentModel\NuGet.ContentModel.xproj", "{6CA365CF-221D-4E7A-99B2-162AAC486D24}"
EndProject
Project("{8BB2217D-0F2D-49D1-97BC-3654ED321F3B}") = "NuGet.ProjectModel", "src\NuGet.ProjectModel\NuGet.ProjectModel.xproj", "{F013E43F-B6D5-4F59-ACF0-EECEC2C794F5}"
EndProject
Global
	GlobalSection(SolutionConfigurationPlatforms) = preSolution
		Debug|Any CPU = Debug|Any CPU
		Release|Any CPU = Release|Any CPU
	EndGlobalSection
	GlobalSection(ProjectConfigurationPlatforms) = postSolution
		{B6A414AF-71D8-48CF-B319-28ED50C9D81E}.Debug|Any CPU.ActiveCfg = Debug|Any CPU
		{B6A414AF-71D8-48CF-B319-28ED50C9D81E}.Debug|Any CPU.Build.0 = Debug|Any CPU
		{B6A414AF-71D8-48CF-B319-28ED50C9D81E}.Release|Any CPU.ActiveCfg = Release|Any CPU
		{B6A414AF-71D8-48CF-B319-28ED50C9D81E}.Release|Any CPU.Build.0 = Release|Any CPU
		{6562C80C-E190-4B5F-AF9D-23EEF1085328}.Debug|Any CPU.ActiveCfg = Debug|Any CPU
		{6562C80C-E190-4B5F-AF9D-23EEF1085328}.Debug|Any CPU.Build.0 = Debug|Any CPU
		{6562C80C-E190-4B5F-AF9D-23EEF1085328}.Release|Any CPU.ActiveCfg = Release|Any CPU
		{6562C80C-E190-4B5F-AF9D-23EEF1085328}.Release|Any CPU.Build.0 = Release|Any CPU
		{24DE9E2C-4ADC-48E6-ADF0-1E2B00596ECD}.Debug|Any CPU.ActiveCfg = Debug|Any CPU
		{24DE9E2C-4ADC-48E6-ADF0-1E2B00596ECD}.Debug|Any CPU.Build.0 = Debug|Any CPU
		{24DE9E2C-4ADC-48E6-ADF0-1E2B00596ECD}.Release|Any CPU.ActiveCfg = Release|Any CPU
		{24DE9E2C-4ADC-48E6-ADF0-1E2B00596ECD}.Release|Any CPU.Build.0 = Release|Any CPU
		{BA3543A8-874C-4F42-8757-C7EF7D17C8EE}.Debug|Any CPU.ActiveCfg = Debug|Any CPU
		{BA3543A8-874C-4F42-8757-C7EF7D17C8EE}.Debug|Any CPU.Build.0 = Debug|Any CPU
		{BA3543A8-874C-4F42-8757-C7EF7D17C8EE}.Release|Any CPU.ActiveCfg = Release|Any CPU
		{BA3543A8-874C-4F42-8757-C7EF7D17C8EE}.Release|Any CPU.Build.0 = Release|Any CPU
		{98BEE375-A5A0-4FC2-9B7A-25DB41C8045D}.Debug|Any CPU.ActiveCfg = Debug|Any CPU
		{98BEE375-A5A0-4FC2-9B7A-25DB41C8045D}.Debug|Any CPU.Build.0 = Debug|Any CPU
		{98BEE375-A5A0-4FC2-9B7A-25DB41C8045D}.Release|Any CPU.ActiveCfg = Release|Any CPU
		{98BEE375-A5A0-4FC2-9B7A-25DB41C8045D}.Release|Any CPU.Build.0 = Release|Any CPU
		{BFB15683-853F-402A-890D-55ABE7DC0D53}.Debug|Any CPU.ActiveCfg = Debug|Any CPU
		{BFB15683-853F-402A-890D-55ABE7DC0D53}.Debug|Any CPU.Build.0 = Debug|Any CPU
		{BFB15683-853F-402A-890D-55ABE7DC0D53}.Release|Any CPU.ActiveCfg = Release|Any CPU
		{BFB15683-853F-402A-890D-55ABE7DC0D53}.Release|Any CPU.Build.0 = Release|Any CPU
		{85872630-B8AD-43A3-BD85-9FAD0FFC3B56}.Debug|Any CPU.ActiveCfg = Debug|Any CPU
		{85872630-B8AD-43A3-BD85-9FAD0FFC3B56}.Debug|Any CPU.Build.0 = Debug|Any CPU
		{85872630-B8AD-43A3-BD85-9FAD0FFC3B56}.Release|Any CPU.ActiveCfg = Release|Any CPU
		{85872630-B8AD-43A3-BD85-9FAD0FFC3B56}.Release|Any CPU.Build.0 = Release|Any CPU
		{6CA365CF-221D-4E7A-99B2-162AAC486D24}.Debug|Any CPU.ActiveCfg = Debug|Any CPU
		{6CA365CF-221D-4E7A-99B2-162AAC486D24}.Debug|Any CPU.Build.0 = Debug|Any CPU
		{6CA365CF-221D-4E7A-99B2-162AAC486D24}.Release|Any CPU.ActiveCfg = Release|Any CPU
		{6CA365CF-221D-4E7A-99B2-162AAC486D24}.Release|Any CPU.Build.0 = Release|Any CPU
		{F013E43F-B6D5-4F59-ACF0-EECEC2C794F5}.Debug|Any CPU.ActiveCfg = Debug|Any CPU
		{F013E43F-B6D5-4F59-ACF0-EECEC2C794F5}.Debug|Any CPU.Build.0 = Debug|Any CPU
		{F013E43F-B6D5-4F59-ACF0-EECEC2C794F5}.Release|Any CPU.ActiveCfg = Release|Any CPU
		{F013E43F-B6D5-4F59-ACF0-EECEC2C794F5}.Release|Any CPU.Build.0 = Release|Any CPU
	EndGlobalSection
	GlobalSection(SolutionProperties) = preSolution
		HideSolutionNode = FALSE
	EndGlobalSection
	GlobalSection(NestedProjects) = preSolution
		{B6A414AF-71D8-48CF-B319-28ED50C9D81E} = {CE128646-AF7A-4881-A481-87077991FAAB}
		{6562C80C-E190-4B5F-AF9D-23EEF1085328} = {CE128646-AF7A-4881-A481-87077991FAAB}
		{24DE9E2C-4ADC-48E6-ADF0-1E2B00596ECD} = {CE128646-AF7A-4881-A481-87077991FAAB}
		{BA3543A8-874C-4F42-8757-C7EF7D17C8EE} = {CE128646-AF7A-4881-A481-87077991FAAB}
		{98BEE375-A5A0-4FC2-9B7A-25DB41C8045D} = {CE128646-AF7A-4881-A481-87077991FAAB}
		{BFB15683-853F-402A-890D-55ABE7DC0D53} = {CE128646-AF7A-4881-A481-87077991FAAB}
		{85872630-B8AD-43A3-BD85-9FAD0FFC3B56} = {CE128646-AF7A-4881-A481-87077991FAAB}
		{6CA365CF-221D-4E7A-99B2-162AAC486D24} = {CE128646-AF7A-4881-A481-87077991FAAB}
		{F013E43F-B6D5-4F59-ACF0-EECEC2C794F5} = {CE128646-AF7A-4881-A481-87077991FAAB}
	EndGlobalSection
EndGlobal
